Microsoft Visual Studio Solution File, Format Version 11.00
# Visual Studio 2008

Project("{626EF10B-DCCF-0075-95A3-CC1381F79F88}") = "WheelRobot", "Assembly-CSharp-firstpass-vs.csproj", "{9570813E-D1DB-FACF-EBAC-E266118F9852}"
EndProject
Project("{626EF10B-DCCF-0075-95A3-CC1381F79F88}") = "WheelRobot", "Assembly-CSharp-vs.csproj", "{A8EA9440-C62B-252A-AC2D-C5836DB34A4B}"
EndProject
Global
	GlobalSection(SolutionConfigurationPlatforms) = preSolution
		Debug|Any CPU = Debug|Any CPU
		Release|Any CPU = Release|Any CPU
	EndGlobalSection
	GlobalSection(ProjectConfigurationPlatforms) = postSolution
		{9570813E-D1DB-FACF-EBAC-E266118F9852}.Debug|Any CPU.ActiveCfg = Debug|Any CPU
		{9570813E-D1DB-FACF-EBAC-E266118F9852}.Debug|Any CPU.Build.0 = Debug|Any CPU
		{9570813E-D1DB-FACF-EBAC-E266118F9852}.Release|Any CPU.ActiveCfg = Release|Any CPU
		{9570813E-D1DB-FACF-EBAC-E266118F9852}.Release|Any CPU.Build.0 = Release|Any CPU
		{A8EA9440-C62B-252A-AC2D-C5836DB34A4B}.Debug|Any CPU.ActiveCfg = Debug|Any CPU
		{A8EA9440-C62B-252A-AC2D-C5836DB34A4B}.Debug|Any CPU.Build.0 = Debug|Any CPU
		{A8EA9440-C62B-252A-AC2D-C5836DB34A4B}.Release|Any CPU.ActiveCfg = Release|Any CPU
		{A8EA9440-C62B-252A-AC2D-C5836DB34A4B}.Release|Any CPU.Build.0 = Release|Any CPU
	EndGlobalSection
	GlobalSection(SolutionProperties) = preSolution
		HideSolutionNode = FALSE
	EndGlobalSection
			GlobalSection(MonoDevelopProperties) = preSolution
		StartupItem = Assembly-CSharp.csproj
		Policies = $0
		$0.TextStylePolicy = $1
		$1.inheritsSet = null
		$1.scope = text/x-csharp
		$0.CSharpFormattingPolicy = $2
		$2.inheritsSet = Mono
		$2.inheritsScope = text/x-csharp
		$2.scope = text/x-csharp
		$0.TextStylePolicy = $3
		$3.FileWidth = 120
		$3.TabWidth = 4
		$3.EolMarker = Unix
		$3.inheritsSet = Mono
		$3.inheritsScope = text/plain
		$3.scope = text/plain
	EndGlobalSection

EndGlobal
